
Microsoft Visual Studio Solution File, Format Version 12.00
# Visual Studio Version 17
VisualStudioVersion = 17.11.35327.3
MinimumVisualStudioVersion = 10.0.40219.1
Project("{8BC9CEB8-8B4A-11D0-8D11-00A0C91BC942}") = "CppLibExample", "CppLibExample\CppLibExample.vcxproj", "{C5772E26-BC36-458E-B609-C288CADB2A3A}"
EndProject
Project("{9A19103F-16F7-4668-BE54-9A1E7A4F7556}") = "CSharpCall", "CSharpCall\CSharpCall.csproj", "{3C471FE2-917E-4151-818B-9F0A23BAEE8A}"
EndProject
Project("{8BC9CEB8-8B4A-11D0-8D11-00A0C91BC942}") = "CppInteropCLR", "CppInteropCLR\CppInteropCLR.vcxproj", "{13D76813-A26D-4290-B437-3DF1AAA5B9A5}"
EndProject
Project("{FAE04EC0-301F-11D3-BF4B-00C04F79EFBC}") = "CppSharpGenerater", "CppSharpConsole\CppSharpGenerater.csproj", "{2177E5D8-EFD4-4753-88FD-A67C3A7D5549}"
EndProject
Project("{2150E333-8FDC-42A3-9474-1A3956D46DE8}") = "CLI", "CLI", "{CD72EC78-C29D-4E18-91A7-687D5D4C117E}"
EndProject
Project("{2150E333-8FDC-42A3-9474-1A3956D46DE8}") = "PInvoke", "PInvoke", "{E9039C21-15FD-4FF7-96CA-B66649A5F84F}"
EndProject
Global
	GlobalSection(SolutionConfigurationPlatforms) = preSolution
		Debug|Any CPU = Debug|Any CPU
		Debug|x64 = Debug|x64
		Debug|x86 = Debug|x86
		Release|Any CPU = Release|Any CPU
		Release|x64 = Release|x64
		Release|x86 = Release|x86
	EndGlobalSection
	GlobalSection(ProjectConfigurationPlatforms) = postSolution
		{C5772E26-BC36-458E-B609-C288CADB2A3A}.Debug|Any CPU.ActiveCfg = Debug|x64
		{C5772E26-BC36-458E-B609-C288CADB2A3A}.Debug|Any CPU.Build.0 = Debug|x64
		{C5772E26-BC36-458E-B609-C288CADB2A3A}.Debug|x64.ActiveCfg = Debug|x64
		{C5772E26-BC36-458E-B609-C288CADB2A3A}.Debug|x64.Build.0 = Debug|x64
		{C5772E26-BC36-458E-B609-C288CADB2A3A}.Debug|x86.ActiveCfg = Debug|Win32
		{C5772E26-BC36-458E-B609-C288CADB2A3A}.Debug|x86.Build.0 = Debug|Win32
		{C5772E26-BC36-458E-B609-C288CADB2A3A}.Release|Any CPU.ActiveCfg = Release|x64
		{C5772E26-BC36-458E-B609-C288CADB2A3A}.Release|Any CPU.Build.0 = Release|x64
		{C5772E26-BC36-458E-B609-C288CADB2A3A}.Release|x64.ActiveCfg = Release|x64
		{C5772E26-BC36-458E-B609-C288CADB2A3A}.Release|x64.Build.0 = Release|x64
		{C5772E26-BC36-458E-B609-C288CADB2A3A}.Release|x86.ActiveCfg = Release|Win32
		{C5772E26-BC36-458E-B609-C288CADB2A3A}.Release|x86.Build.0 = Release|Win32
		{3C471FE2-917E-4151-818B-9F0A23BAEE8A}.Debug|Any CPU.ActiveCfg = Debug|Any CPU
		{3C471FE2-917E-4151-818B-9F0A23BAEE8A}.Debug|Any CPU.Build.0 = Debug|Any CPU
		{3C471FE2-917E-4151-818B-9F0A23BAEE8A}.Debug|x64.ActiveCfg = Debug|Any CPU
		{3C471FE2-917E-4151-818B-9F0A23BAEE8A}.Debug|x64.Build.0 = Debug|Any CPU
		{3C471FE2-917E-4151-818B-9F0A23BAEE8A}.Debug|x86.ActiveCfg = Debug|Any CPU
		{3C471FE2-917E-4151-818B-9F0A23BAEE8A}.Debug|x86.Build.0 = Debug|Any CPU
		{3C471FE2-917E-4151-818B-9F0A23BAEE8A}.Release|Any CPU.ActiveCfg = Release|Any CPU
		{3C471FE2-917E-4151-818B-9F0A23BAEE8A}.Release|Any CPU.Build.0 = Release|Any CPU
		{3C471FE2-917E-4151-818B-9F0A23BAEE8A}.Release|x64.ActiveCfg = Release|Any CPU
		{3C471FE2-917E-4151-818B-9F0A23BAEE8A}.Release|x64.Build.0 = Release|Any CPU
		{3C471FE2-917E-4151-818B-9F0A23BAEE8A}.Release|x86.ActiveCfg = Release|Any CPU
		{3C471FE2-917E-4151-818B-9F0A23BAEE8A}.Release|x86.Build.0 = Release|Any CPU
		{13D76813-A26D-4290-B437-3DF1AAA5B9A5}.Debug|Any CPU.ActiveCfg = Debug|x64
		{13D76813-A26D-4290-B437-3DF1AAA5B9A5}.Debug|Any CPU.Build.0 = Debug|x64
		{13D76813-A26D-4290-B437-3DF1AAA5B9A5}.Debug|x64.ActiveCfg = Debug|x64
		{13D76813-A26D-4290-B437-3DF1AAA5B9A5}.Debug|x64.Build.0 = Debug|x64
		{13D76813-A26D-4290-B437-3DF1AAA5B9A5}.Debug|x86.ActiveCfg = Debug|Win32
		{13D76813-A26D-4290-B437-3DF1AAA5B9A5}.Debug|x86.Build.0 = Debug|Win32
		{13D76813-A26D-4290-B437-3DF1AAA5B9A5}.Release|Any CPU.ActiveCfg = Release|x64
		{13D76813-A26D-4290-B437-3DF1AAA5B9A5}.Release|Any CPU.Build.0 = Release|x64
		{13D76813-A26D-4290-B437-3DF1AAA5B9A5}.Release|x64.ActiveCfg = Release|x64
		{13D76813-A26D-4290-B437-3DF1AAA5B9A5}.Release|x64.Build.0 = Release|x64
		{13D76813-A26D-4290-B437-3DF1AAA5B9A5}.Release|x86.ActiveCfg = Release|Win32
		{13D76813-A26D-4290-B437-3DF1AAA5B9A5}.Release|x86.Build.0 = Release|Win32
		{2177E5D8-EFD4-4753-88FD-A67C3A7D5549}.Debug|Any CPU.ActiveCfg = Debug|Any CPU
		{2177E5D8-EFD4-4753-88FD-A67C3A7D5549}.Debug|Any CPU.Build.0 = Debug|Any CPU
		{2177E5D8-EFD4-4753-88FD-A67C3A7D5549}.Debug|x64.ActiveCfg = Debug|Any CPU
		{2177E5D8-EFD4-4753-88FD-A67C3A7D5549}.Debug|x64.Build.0 = Debug|Any CPU
		{2177E5D8-EFD4-4753-88FD-A67C3A7D5549}.Debug|x86.ActiveCfg = Debug|Any CPU
		{2177E5D8-EFD4-4753-88FD-A67C3A7D5549}.Debug|x86.Build.0 = Debug|Any CPU
		{2177E5D8-EFD4-4753-88FD-A67C3A7D5549}.Release|Any CPU.ActiveCfg = Release|Any CPU
		{2177E5D8-EFD4-4753-88FD-A67C3A7D5549}.Release|Any CPU.Build.0 = Release|Any CPU
		{2177E5D8-EFD4-4753-88FD-A67C3A7D5549}.Release|x64.ActiveCfg = Release|Any CPU
		{2177E5D8-EFD4-4753-88FD-A67C3A7D5549}.Release|x64.Build.0 = Release|Any CPU
		{2177E5D8-EFD4-4753-88FD-A67C3A7D5549}.Release|x86.ActiveCfg = Release|Any CPU
		{2177E5D8-EFD4-4753-88FD-A67C3A7D5549}.Release|x86.Build.0 = Release|Any CPU
	EndGlobalSection
	GlobalSection(SolutionProperties) = preSolution
		HideSolutionNode = FALSE
	EndGlobalSection
	GlobalSection(NestedProjects) = preSolution
		{3C471FE2-917E-4151-818B-9F0A23BAEE8A} = {E9039C21-15FD-4FF7-96CA-B66649A5F84F}
		{13D76813-A26D-4290-B437-3DF1AAA5B9A5} = {CD72EC78-C29D-4E18-91A7-687D5D4C117E}
		{2177E5D8-EFD4-4753-88FD-A67C3A7D5549} = {CD72EC78-C29D-4E18-91A7-687D5D4C117E}
	EndGlobalSection
	GlobalSection(ExtensibilityGlobals) = postSolution
		SolutionGuid = {CC46DC82-19F5-4F4D-9368-74E27D27061E}
	EndGlobalSection
EndGlobal
